
Microsoft Visual Studio Solution File, Format Version 12.00
# Visual Studio Version 17
VisualStudioVersion = 17.11.35222.181
MinimumVisualStudioVersion = 10.0.40219.1
Project("{FAE04EC0-301F-11D3-BF4B-00C04F79EFBC}") = "SFCSharp", "SFCSharp.csproj", "{DE1F4CC5-C8C8-48B1-8574-2FAD9C1820CE}"
EndProject
Global
	GlobalSection(SolutionConfigurationPlatforms) = preSolution
		Debug|Any CPU = Debug|Any CPU
		Release|Any CPU = Release|Any CPU
	EndGlobalSection
	GlobalSection(ProjectConfigurationPlatforms) = postSolution
		{DE1F4CC5-C8C8-48B1-8574-2FAD9C1820CE}.Debug|Any CPU.ActiveCfg = Debug|Any CPU
		{DE1F4CC5-C8C8-48B1-8574-2FAD9C1820CE}.Debug|Any CPU.Build.0 = Debug|Any CPU
		{DE1F4CC5-C8C8-48B1-8574-2FAD9C1820CE}.Release|Any CPU.ActiveCfg = Release|Any CPU
		{DE1F4CC5-C8C8-48B1-8574-2FAD9C1820CE}.Release|Any CPU.Build.0 = Release|Any CPU
	EndGlobalSection
	GlobalSection(SolutionProperties) = preSolution
		HideSolutionNode = FALSE
	EndGlobalSection
	GlobalSection(ExtensibilityGlobals) = postSolution
		SolutionGuid = {6D59D701-F8B4-476F-8CE1-E5C918320A05}
	EndGlobalSection
EndGlobal
